
Microsoft Visual Studio Solution File, Format Version 12.00
# Visual Studio Version 16
VisualStudioVersion = 16.0.31702.278
MinimumVisualStudioVersion = 10.0.40219.1
Project("{8BC9CEB8-8B4A-11D0-8D11-00A0C91BC942}") = "Cardstack Emulator", "Cardstack Emulator.vcxproj", "{C3C0DE0D-57C0-4F48-ABB6-23B5B449BF6D}"
EndProject
Project("{54435603-DBB4-11D2-8724-00A0C9A8B90C}") = "Cardstack Installer", "..\Cardstack Installer\Cardstack Installer.vdproj", "{73DBEF49-9276-4E82-BAF9-B9272582C754}"
EndProject
Global
	GlobalSection(SolutionConfigurationPlatforms) = preSolution
		Debug|x64 = Debug|x64
		Debug|x86 = Debug|x86
		Release|x64 = Release|x64
		Release|x86 = Release|x86
	EndGlobalSection
	GlobalSection(ProjectConfigurationPlatforms) = postSolution
		{C3C0DE0D-57C0-4F48-ABB6-23B5B449BF6D}.Debug|x64.ActiveCfg = Debug|x64
		{C3C0DE0D-57C0-4F48-ABB6-23B5B449BF6D}.Debug|x64.Build.0 = Debug|x64
		{C3C0DE0D-57C0-4F48-ABB6-23B5B449BF6D}.Debug|x86.ActiveCfg = Debug|Win32
		{C3C0DE0D-57C0-4F48-ABB6-23B5B449BF6D}.Debug|x86.Build.0 = Debug|Win32
		{C3C0DE0D-57C0-4F48-ABB6-23B5B449BF6D}.Release|x64.ActiveCfg = Release|x64
		{C3C0DE0D-57C0-4F48-ABB6-23B5B449BF6D}.Release|x64.Build.0 = Release|x64
		{C3C0DE0D-57C0-4F48-ABB6-23B5B449BF6D}.Release|x86.ActiveCfg = Release|Win32
		{C3C0DE0D-57C0-4F48-ABB6-23B5B449BF6D}.Release|x86.Build.0 = Release|Win32
		{73DBEF49-9276-4E82-BAF9-B9272582C754}.Debug|x64.ActiveCfg = Debug
		{73DBEF49-9276-4E82-BAF9-B9272582C754}.Debug|x86.ActiveCfg = Debug
		{73DBEF49-9276-4E82-BAF9-B9272582C754}.Release|x64.ActiveCfg = Release
		{73DBEF49-9276-4E82-BAF9-B9272582C754}.Release|x64.Build.0 = Release
		{73DBEF49-9276-4E82-BAF9-B9272582C754}.Release|x86.ActiveCfg = Release
	EndGlobalSection
	GlobalSection(SolutionProperties) = preSolution
		HideSolutionNode = FALSE
	EndGlobalSection
	GlobalSection(ExtensibilityGlobals) = postSolution
		SolutionGuid = {D74CC84F-9165-4CFC-8AFC-95D0F6B71568}
	EndGlobalSection
EndGlobal
